{
  "lockfileVersion": 1,
  "workspaces": {
    "": {
      "name": "recorder-spike",
      "dependencies": {
        "hono": "^4.6.0",
      },
    },
  },
  "packages": {
    "hono": ["hono@4.13.7", "", {}, "sha512-c8/gF9ac8Y78/agExVocyLevgR+JlpNB444Py0FSX8pJoPdYUfUzRcXtYEYGwt6l19qIlVZPN5Mfsw9jFShmQQ=="],
  }
}
